
Microsoft Visual Studio Solution File, Format Version 12.00
# Visual Studio Version 17
VisualStudioVersion = 17.8.34330.188
MinimumVisualStudioVersion = 10.0.40219.1
Project("{9A19103F-16F7-4668-BE54-9A1E7A4F7556}") = "AutoClick", "AutoClick\AutoClick.csproj", "{5949F6E8-B39A-4F72-A460-120DDD11A96F}"
EndProject
Global
	GlobalSection(SolutionConfigurationPlatforms) = preSolution
		Debug|Any CPU = Debug|Any CPU
		Release|Any CPU = Release|Any CPU
	EndGlobalSection
	GlobalSection(ProjectConfigurationPlatforms) = postSolution
		{5949F6E8-B39A-4F72-A460-120DDD11A96F}.Debug|Any CPU.ActiveCfg = Debug|Any CPU
		{5949F6E8-B39A-4F72-A460-120DDD11A96F}.Debug|Any CPU.Build.0 = Debug|Any CPU
		{5949F6E8-B39A-4F72-A460-120DDD11A96F}.Release|Any CPU.ActiveCfg = Release|Any CPU
		{5949F6E8-B39A-4F72-A460-120DDD11A96F}.Release|Any CPU.Build.0 = Release|Any CPU
	EndGlobalSection
	GlobalSection(SolutionProperties) = preSolution
		HideSolutionNode = FALSE
	EndGlobalSection
	GlobalSection(ExtensibilityGlobals) = postSolution
		SolutionGuid = {85F70A30-0FBA-489F-97CD-D6762D3826F0}
	EndGlobalSection
EndGlobal
